
Microsoft Visual Studio Solution File, Format Version 11.00
# Visual Studio 2010
Project("{FAE04EC0-301F-11D3-BF4B-00C04F79EFBC}") = "Lunohod.Windows", "Lunohod\Lunohod.Windows.csproj", "{669A160E-877C-462B-ACBF-93FEF1899EAF}"
EndProject
Project("{FAE04EC0-301F-11D3-BF4B-00C04F79EFBC}") = "Lunohod.Windows.Content", "Lunohod\Content\Lunohod.Windows.Content.contentproj", "{97CDA369-4DEB-40E5-ADB6-909311C78448}"
EndProject
Global
	GlobalSection(SolutionConfigurationPlatforms) = preSolution
		Debug|Any CPU = Debug|Any CPU
		Debug|iPhone = Debug|iPhone
		Debug|iPhoneSimulator = Debug|iPhoneSimulator
		Debug|Mixed Platforms = Debug|Mixed Platforms
		Debug|x86 = Debug|x86
		Release|Any CPU = Release|Any CPU
		Release|iPhone = Release|iPhone
		Release|iPhoneSimulator = Release|iPhoneSimulator
		Release|Mixed Platforms = Release|Mixed Platforms
		Release|x86 = Release|x86
	EndGlobalSection
	GlobalSection(ProjectConfigurationPlatforms) = postSolution
		{669A160E-877C-462B-ACBF-93FEF1899EAF}.Debug|Any CPU.ActiveCfg = Debug|x86
		{669A160E-877C-462B-ACBF-93FEF1899EAF}.Debug|iPhone.ActiveCfg = Debug|x86
		{669A160E-877C-462B-ACBF-93FEF1899EAF}.Debug|iPhoneSimulator.ActiveCfg = Debug|x86
		{669A160E-877C-462B-ACBF-93FEF1899EAF}.Debug|Mixed Platforms.ActiveCfg = Debug|x86
		{669A160E-877C-462B-ACBF-93FEF1899EAF}.Debug|Mixed Platforms.Build.0 = Debug|x86
		{669A160E-877C-462B-ACBF-93FEF1899EAF}.Debug|x86.ActiveCfg = Debug|x86
		{669A160E-877C-462B-ACBF-93FEF1899EAF}.Debug|x86.Build.0 = Debug|x86
		{669A160E-877C-462B-ACBF-93FEF1899EAF}.Release|Any CPU.ActiveCfg = Release|x86
		{669A160E-877C-462B-ACBF-93FEF1899EAF}.Release|iPhone.ActiveCfg = Release|x86
		{669A160E-877C-462B-ACBF-93FEF1899EAF}.Release|iPhoneSimulator.ActiveCfg = Release|x86
		{669A160E-877C-462B-ACBF-93FEF1899EAF}.Release|Mixed Platforms.ActiveCfg = Release|x86
		{669A160E-877C-462B-ACBF-93FEF1899EAF}.Release|Mixed Platforms.Build.0 = Release|x86
		{669A160E-877C-462B-ACBF-93FEF1899EAF}.Release|x86.ActiveCfg = Release|x86
		{669A160E-877C-462B-ACBF-93FEF1899EAF}.Release|x86.Build.0 = Release|x86
		{97CDA369-4DEB-40E5-ADB6-909311C78448}.Debug|Any CPU.ActiveCfg = Debug|Any CPU
		{97CDA369-4DEB-40E5-ADB6-909311C78448}.Debug|iPhone.ActiveCfg = Debug|Any CPU
		{97CDA369-4DEB-40E5-ADB6-909311C78448}.Debug|iPhoneSimulator.ActiveCfg = Debug|Any CPU
		{97CDA369-4DEB-40E5-ADB6-909311C78448}.Debug|Mixed Platforms.ActiveCfg = Debug|Any CPU
		{97CDA369-4DEB-40E5-ADB6-909311C78448}.Debug|x86.ActiveCfg = Debug|Any CPU
		{97CDA369-4DEB-40E5-ADB6-909311C78448}.Release|Any CPU.ActiveCfg = Debug|Any CPU
		{97CDA369-4DEB-40E5-ADB6-909311C78448}.Release|iPhone.ActiveCfg = Debug|Any CPU
		{97CDA369-4DEB-40E5-ADB6-909311C78448}.Release|iPhoneSimulator.ActiveCfg = Debug|Any CPU
		{97CDA369-4DEB-40E5-ADB6-909311C78448}.Release|Mixed Platforms.ActiveCfg = Debug|Any CPU
		{97CDA369-4DEB-40E5-ADB6-909311C78448}.Release|x86.ActiveCfg = Debug|Any CPU
	EndGlobalSection
	GlobalSection(SolutionProperties) = preSolution
		HideSolutionNode = FALSE
	EndGlobalSection
	GlobalSection(MonoDevelopProperties) = preSolution
		StartupItem = Lunohod\Lunohod.Windows.csproj
	EndGlobalSection
EndGlobal
